
Microsoft Visual Studio Solution File, Format Version 12.00
# Visual Studio 15
VisualStudioVersion = 15.0.34112.143
MinimumVisualStudioVersion = 10.0.40219.1
Project("{FAE04EC0-301F-11D3-BF4B-00C04F79EFBC}") = "LoginForm", "LoginForm\LoginForm.csproj", "{19F09F1E-2892-4437-B656-5C1AAEED559D}"
EndProject
Global
	GlobalSection(SolutionConfigurationPlatforms) = preSolution
		Debug|Any CPU = Debug|Any CPU
		Release|Any CPU = Release|Any CPU
	EndGlobalSection
	GlobalSection(ProjectConfigurationPlatforms) = postSolution
		{19F09F1E-2892-4437-B656-5C1AAEED559D}.Debug|Any CPU.ActiveCfg = Debug|Any CPU
		{19F09F1E-2892-4437-B656-5C1AAEED559D}.Debug|Any CPU.Build.0 = Debug|Any CPU
		{19F09F1E-2892-4437-B656-5C1AAEED559D}.Release|Any CPU.ActiveCfg = Release|Any CPU
		{19F09F1E-2892-4437-B656-5C1AAEED559D}.Release|Any CPU.Build.0 = Release|Any CPU
	EndGlobalSection
	GlobalSection(SolutionProperties) = preSolution
		HideSolutionNode = FALSE
	EndGlobalSection
	GlobalSection(ExtensibilityGlobals) = postSolution
		SolutionGuid = {936294A2-CB42-4DD8-AA74-351A0AE0EBD7}
	EndGlobalSection
EndGlobal
